
Microsoft Visual Studio Solution File, Format Version 12.00
# Visual Studio Version 16
VisualStudioVersion = 25.0.1706.3
MinimumVisualStudioVersion = 10.0.40219.1
Project("{FAE04EC0-301F-11D3-BF4B-00C04F79EFBC}") = "FirstProjectWebAPI", "FirstProjectWebAPI\FirstProjectWebAPI.csproj", "{9EF05828-95F0-4BDD-9713-90EA6403962A}"
EndProject
Global
	GlobalSection(SolutionConfigurationPlatforms) = preSolution
		Debug|Any CPU = Debug|Any CPU
		Release|Any CPU = Release|Any CPU
	EndGlobalSection
	GlobalSection(ProjectConfigurationPlatforms) = postSolution
		{9EF05828-95F0-4BDD-9713-90EA6403962A}.Debug|Any CPU.ActiveCfg = Debug|Any CPU
		{9EF05828-95F0-4BDD-9713-90EA6403962A}.Debug|Any CPU.Build.0 = Debug|Any CPU
		{9EF05828-95F0-4BDD-9713-90EA6403962A}.Release|Any CPU.ActiveCfg = Release|Any CPU
		{9EF05828-95F0-4BDD-9713-90EA6403962A}.Release|Any CPU.Build.0 = Release|Any CPU
	EndGlobalSection
	GlobalSection(SolutionProperties) = preSolution
		HideSolutionNode = FALSE
	EndGlobalSection
	GlobalSection(ExtensibilityGlobals) = postSolution
		SolutionGuid = {1EDB19C8-20F4-4E2C-B753-6EB8B07E3160}
	EndGlobalSection
EndGlobal
